// !$*UTF8*$!
{
	archiveVersion = 1;
	classes = {
	};
	objectVersion = 46;
	objects = {

/* Begin PBXBuildFile section */
		03227C1F1F19401D004FFE22 /* AppDelegate.swift in Sources */ = {isa = PBXBuildFile; fileRef = 03227C1E1F19401D004FFE22 /* AppDelegate.swift */; };
		03227C211F19401D004FFE22 /* ViewController.swift in Sources */ = {isa = PBXBuildFile; fileRef = 03227C201F19401D004FFE22 /* ViewController.swift */; };
		03227C241F19401D004FFE22 /* Main.storyboard in Resources */ = {isa = PBXBuildFile; fileRef = 03227C221F19401D004FFE22 /* Main.storyboard */; };
		03227C261F19401D004FFE22 /* Assets.xcassets in Resources */ = {isa = PBXBuildFile; fileRef = 03227C251F19401D004FFE22 /* Assets.xcassets */; };
		03227C291F19401D004FFE22 /* LaunchScreen.storyboard in Resources */ = {isa = PBXBuildFile; fileRef = 03227C271F19401D004FFE22 /* LaunchScreen.storyboard */; };
		03227C341F19401D004FFE22 /* IroIroCameraTests.swift in Sources */ = {isa = PBXBuildFile; fileRef = 03227C331F19401D004FFE22 /* IroIroCameraTests.swift */; };
		03227C3F1F19401D004FFE22 /* IroIroCameraUITests.swift in Sources */ = {isa = PBXBuildFile; fileRef = 03227C3E1F19401D004FFE22 /* IroIroCameraUITests.swift */; };
/* End PBXBuildFile section */

/* Begin PBXContainerItemProxy section */
		03227C301F19401D004FFE22 /* PBXContainerItemProxy */ = {
			isa = PBXContainerItemProxy;
			containerPortal = 03227C131F19401D004FFE22 /* Project object */;
			proxyType = 1;
			remoteGlobalIDString = 03227C1A1F19401D004FFE22;
			remoteInfo = IroIroCamera;
		};
		03227C3B1F19401D004FFE22 /* PBXContainerItemProxy */ = {
			isa = PBXContainerItemProxy;
			containerPortal = 03227C131F19401D004FFE22 /* Project object */;
			proxyType = 1;
			remoteGlobalIDString = 03227C1A1F19401D004FFE22;
			remoteInfo = IroIroCamera;
		};
/* End PBXContainerItemProxy section */

/* Begin PBXFileReference section */
		03227C1B1F19401D004FFE22 /* IroIroCamera.app */ = {isa = PBXFileReference; explicitFileType = wrapper.application; includeInIndex = 0; path = IroIroCamera.app; sourceTree = BUILT_PRODUCTS_DIR; };
		03227C1E1F19401D004FFE22 /* AppDelegate.swift */ = {isa = PBXFileReference; lastKnownFileType = sourcecode.swift; path = AppDelegate.swift; sourceTree = "<group>"; };
		03227C201F19401D004FFE22 /* ViewController.swift */ = {isa = PBXFileReference; lastKnownFileType = sourcecode.swift; path = ViewController.swift; sourceTree = "<group>"; };
		03227C231F19401D004FFE22 /* Base */ = {isa = PBXFileReference; lastKnownFileType = file.storyboard; name = Base; path = Base.lproj/Main.storyboard; sourceTree = "<group>"; };
		03227C251F19401D004FFE22 /* Assets.xcassets */ = {isa = PBXFileReference; lastKnownFileType = folder.assetcatalog; path = Assets.xcassets; sourceTree = "<group>"; };
		03227C281F19401D004FFE22 /* Base */ = {isa = PBXFileReference; lastKnownFileType = file.storyboard; name = Base; path = Base.lproj/LaunchScreen.storyboard; sourceTree = "<group>"; };
		03227C2A1F19401D004FFE22 /* Info.plist */ = {isa = PBXFileReference; lastKnownFileType = text.plist.xml; path = Info.plist; sourceTree = "<group>"; };
		03227C2F1F19401D004FFE22 /* IroIroCameraTests.xctest */ = {isa = PBXFileReference; explicitFileType = wrapper.cfbundle; includeInIndex = 0; path = IroIroCameraTests.xctest; sourceTree = BUILT_PRODUCTS_DIR; };
		03227C331F19401D004FFE22 /* IroIroCameraTests.swift */ = {isa = PBXFileReference; lastKnownFileType = sourcecode.swift; path = IroIroCameraTests.swift; sourceTree = "<group>"; };
		03227C351F19401D004FFE22 /* Info.plist */ = {isa = PBXFileReference; lastKnownFileType = text.plist.xml; path = Info.plist; sourceTree = "<group>"; };
		03227C3A1F19401D004FFE22 /* IroIroCameraUITests.xctest */ = {isa = PBXFileReference; explicitFileType = wrapper.cfbundle; includeInIndex = 0; path = IroIroCameraUITests.xctest; sourceTree = BUILT_PRODUCTS_DIR; };
		03227C3E1F19401D004FFE22 /* IroIroCameraUITests.swift */ = {isa = PBXFileReference; lastKnownFileType = sourcecode.swift; path = IroIroCameraUITests.swift; sourceTree = "<group>"; };
		03227C401F19401D004FFE22 /* Info.plist */ = {isa = PBXFileReference; lastKnownFileType = text.plist.xml; path = Info.plist; sourceTree = "<group>"; };
/* End PBXFileReference section */

/* Begin PBXFrameworksBuildPhase section */
		03227C181F19401D004FFE22 /* Frameworks */ = {
			isa = PBXFrameworksBuildPhase;
			buildActionMask = 2147483647;
			files = (
			);
			runOnlyForDeploymentPostprocessing = 0;
		};
		03227C2C1F19401D004FFE22 /* Frameworks */ = {
			isa = PBXFrameworksBuildPhase;
			buildActionMask = 2147483647;
			files = (
			);
			runOnlyForDeploymentPostprocessing = 0;
		};
		03227C371F19401D004FFE22 /* Frameworks */ = {
			isa = PBXFrameworksBuildPhase;
			buildActionMask = 2147483647;
			files = (
			);
			runOnlyForDeploymentPostprocessing = 0;
		};
/* End PBXFrameworksBuildPhase section */

/* Begin PBXGroup section */
		03227C121F19401D004FFE22 = {
			isa = PBXGroup;
			children = (
				03227C1D1F19401D004FFE22 /* IroIroCamera */,
				03227C321F19401D004FFE22 /* IroIroCameraTests */,
				03227C3D1F19401D004FFE22 /* IroIroCameraUITests */,
				03227C1C1F19401D004FFE22 /* Products */,
			);
			sourceTree = "<group>";
		};
		03227C1C1F19401D004FFE22 /* Products */ = {
			isa = PBXGroup;
			children = (
				03227C1B1F19401D004FFE22 /* IroIroCamera.app */,
				03227C2F1F19401D004FFE22 /* IroIroCameraTests.xctest */,
				03227C3A1F19401D004FFE22 /* IroIroCameraUITests.xctest */,
			);
			name = Products;
			sourceTree = "<group>";
		};
		03227C1D1F19401D004FFE22 /* IroIroCamera */ = {
			isa = PBXGroup;
			children = (
				03227C1E1F19401D004FFE22 /* AppDelegate.swift */,
				03227C201F19401D004FFE22 /* ViewController.swift */,
				03227C221F19401D004FFE22 /* Main.storyboard */,
				03227C251F19401D004FFE22 /* Assets.xcassets */,
				03227C271F19401D004FFE22 /* LaunchScreen.storyboard */,
				03227C2A1F19401D004FFE22 /* Info.plist */,
			);
			path = IroIroCamera;
			sourceTree = "<group>";
		};
		03227C321F19401D004FFE22 /* IroIroCameraTests */ = {
			isa = PBXGroup;
			children = (
				03227C331F19401D004FFE22 /* IroIroCameraTests.swift */,
				03227C351F19401D004FFE22 /* Info.plist */,
			);
			path = IroIroCameraTests;
			sourceTree = "<group>";
		};
		03227C3D1F19401D004FFE22 /* IroIroCameraUITests */ = {
			isa = PBXGroup;
			children = (
				03227C3E1F19401D004FFE22 /* IroIroCameraUITests.swift */,
				03227C401F19401D004FFE22 /* Info.plist */,
			);
			path = IroIroCameraUITests;
			sourceTree = "<group>";
		};
/* End PBXGroup section */

/* Begin PBXNativeTarget section */
		03227C1A1F19401D004FFE22 /* IroIroCamera */ = {
			isa = PBXNativeTarget;
			buildConfigurationList = 03227C431F19401D004FFE22 /* Build configuration list for PBXNativeTarget "IroIroCamera" */;
			buildPhases = (
				03227C171F19401D004FFE22 /* Sources */,
				03227C181F19401D004FFE22 /* Frameworks */,
				03227C191F19401D004FFE22 /* Resources */,
			);
			buildRules = (
			);
			dependencies = (
			);
			name = IroIroCamera;
			productName = IroIroCamera;
			productReference = 03227C1B1F19401D004FFE22 /* IroIroCamera.app */;
			productType = "com.apple.product-type.application";
		};
		03227C2E1F19401D004FFE22 /* IroIroCameraTests */ = {
			isa = PBXNativeTarget;
			buildConfigurationList = 03227C461F19401D004FFE22 /* Build configuration list for PBXNativeTarget "IroIroCameraTests" */;
			buildPhases = (
				03227C2B1F19401D004FFE22 /* Sources */,
				03227C2C1F19401D004FFE22 /* Frameworks */,
				03227C2D1F19401D004FFE22 /* Resources */,
			);
			buildRules = (
			);
			dependencies = (
				03227C311F19401D004FFE22 /* PBXTargetDependency */,
			);
			name = IroIroCameraTests;
			productName = IroIroCameraTests;
			productReference = 03227C2F1F19401D004FFE22 /* IroIroCameraTests.xctest */;
			productType = "com.apple.product-type.bundle.unit-test";
		};
		03227C391F19401D004FFE22 /* IroIroCameraUITests */ = {
			isa = PBXNativeTarget;
			buildConfigurationList = 03227C491F19401D004FFE22 /* Build configuration list for PBXNativeTarget "IroIroCameraUITests" */;
			buildPhases = (
				03227C361F19401D004FFE22 /* Sources */,
				03227C371F19401D004FFE22 /* Frameworks */,
				03227C381F19401D004FFE22 /* Resources */,
			);
			buildRules = (
			);
			dependencies = (
				03227C3C1F19401D004FFE22 /* PBXTargetDependency */,
			);
			name = IroIroCameraUITests;
			productName = IroIroCameraUITests;
			productReference = 03227C3A1F19401D004FFE22 /* IroIroCameraUITests.xctest */;
			productType = "com.apple.product-type.bundle.ui-testing";
		};
/* End PBXNativeTarget section */

/* Begin PBXProject section */
		03227C131F19401D004FFE22 /* Project object */ = {
			isa = PBXProject;
			attributes = {
				LastSwiftUpdateCheck = 0830;
				LastUpgradeCheck = 0830;
				ORGANIZATIONNAME = "Hiroki Taniguchi";
				TargetAttributes = {
					03227C1A1F19401D004FFE22 = {
						CreatedOnToolsVersion = 8.3.3;
						DevelopmentTeam = 48KBV2T232;
						ProvisioningStyle = Automatic;
					};
					03227C2E1F19401D004FFE22 = {
						CreatedOnToolsVersion = 8.3.3;
						DevelopmentTeam = 84ZS9U8SU6;
						ProvisioningStyle = Automatic;
						TestTargetID = 03227C1A1F19401D004FFE22;
					};
					03227C391F19401D004FFE22 = {
						CreatedOnToolsVersion = 8.3.3;
						DevelopmentTeam = 84ZS9U8SU6;
						ProvisioningStyle = Automatic;
						TestTargetID = 03227C1A1F19401D004FFE22;
					};
				};
			};
			buildConfigurationList = 03227C161F19401D004FFE22 /* Build configuration list for PBXProject "IroIroCamera" */;
			compatibilityVersion = "Xcode 3.2";
			developmentRegion = English;
			hasScannedForEncodings = 0;
			knownRegions = (
				en,
				Base,
			);
			mainGroup = 03227C121F19401D004FFE22;
			productRefGroup = 03227C1C1F19401D004FFE22 /* Products */;
			projectDirPath = "";
			projectRoot = "";
			targets = (
				03227C1A1F19401D004FFE22 /* IroIroCamera */,
				03227C2E1F19401D004FFE22 /* IroIroCameraTests */,
				03227C391F19401D004FFE22 /* IroIroCameraUITests */,
			);
		};
/* End PBXProject section */

/* Begin PBXResourcesBuildPhase section */
		03227C191F19401D004FFE22 /* Resources */ = {
			isa = PBXResourcesBuildPhase;
			buildActionMask = 2147483647;
			files = (
				03227C291F19401D004FFE22 /* LaunchScreen.storyboard in Resources */,
				03227C261F19401D004FFE22 /* Assets.xcassets in Resources */,
				03227C241F19401D004FFE22 /* Main.storyboard in Resources */,
			);
			runOnlyForDeploymentPostprocessing = 0;
		};
		03227C2D1F19401D004FFE22 /* Resources */ = {
			isa = PBXResourcesBuildPhase;
			buildActionMask = 2147483647;
			files = (
			);
			runOnlyForDeploymentPostprocessing = 0;
		};
		03227C381F19401D004FFE22 /* Resources */ = {
			isa = PBXResourcesBuildPhase;
			buildActionMask = 2147483647;
			files = (
			);
			runOnlyForDeploymentPostprocessing = 0;
		};
/* End PBXResourcesBuildPhase section */

/* Begin PBXSourcesBuildPhase section */
		03227C171F19401D004FFE22 /* Sources */ = {
			isa = PBXSourcesBuildPhase;
			buildActionMask = 2147483647;
			files = (
				03227C211F19401D004FFE22 /* ViewController.swift in Sources */,
				03227C1F1F19401D004FFE22 /* AppDelegate.swift in Sources */,
			);
			runOnlyForDeploymentPostprocessing = 0;
		};
		03227C2B1F19401D004FFE22 /* Sources */ = {
			isa = PBXSourcesBuildPhase;
			buildActionMask = 2147483647;
			files = (
				03227C341F19401D004FFE22 /* IroIroCameraTests.swift in Sources */,
			);
			runOnlyForDeploymentPostprocessing = 0;
		};
		03227C361F19401D004FFE22 /* Sources */ = {
			isa = PBXSourcesBuildPhase;
			buildActionMask = 2147483647;
			files = (
				03227C3F1F19401D004FFE22 /* IroIroCameraUITests.swift in Sources */,
			);
			runOnlyForDeploymentPostprocessing = 0;
		};
/* End PBXSourcesBuildPhase section */

/* Begin PBXTargetDependency section */
		03227C311F19401D004FFE22 /* PBXTargetDependency */ = {
			isa = PBXTargetDependency;
			target = 03227C1A1F19401D004FFE22 /* IroIroCamera */;
			targetProxy = 03227C301F19401D004FFE22 /* PBXContainerItemProxy */;
		};
		03227C3C1F19401D004FFE22 /* PBXTargetDependency */ = {
			isa = PBXTargetDependency;
			target = 03227C1A1F19401D004FFE22 /* IroIroCamera */;
			targetProxy = 03227C3B1F19401D004FFE22 /* PBXContainerItemProxy */;
		};
/* End PBXTargetDependency section */

/* Begin PBXVariantGroup section */
		03227C221F19401D004FFE22 /* Main.storyboard */ = {
			isa = PBXVariantGroup;
			children = (
				03227C231F19401D004FFE22 /* Base */,
			);
			name = Main.storyboard;
			sourceTree = "<group>";
		};
		03227C271F19401D004FFE22 /* LaunchScreen.storyboard */ = {
			isa = PBXVariantGroup;
			children = (
				03227C281F19401D004FFE22 /* Base */,
			);
			name = LaunchScreen.storyboard;
			sourceTree = "<group>";
		};
/* End PBXVariantGroup section */

/* Begin XCBuildConfiguration section */
		03227C411F19401D004FFE22 /* Debug */ = {
			isa = XCBuildConfiguration;
			buildSettings = {
				ALWAYS_SEARCH_USER_PATHS = NO;
				CLANG_ANALYZER_NONNULL = YES;
				CLANG_ANALYZER_NUMBER_OBJECT_CONVERSION = YES_AGGRESSIVE;
				CLANG_CXX_LANGUAGE_STANDARD = "gnu++0x";
				CLANG_CXX_LIBRARY = "libc++";
				CLANG_ENABLE_MODULES = YES;
				CLANG_ENABLE_OBJC_ARC = YES;
				CLANG_WARN_BOOL_CONVERSION = YES;
				CLANG_WARN_CONSTANT_CONVERSION = YES;
				CLANG_WARN_DIRECT_OBJC_ISA_USAGE = YES_ERROR;
				CLANG_WARN_DOCUMENTATION_COMMENTS = YES;
				CLANG_WARN_EMPTY_BODY = YES;
				CLANG_WARN_ENUM_CONVERSION = YES;
				CLANG_WARN_INFINITE_RECURSION = YES;
				CLANG_WARN_INT_CONVERSION = YES;
				CLANG_WARN_OBJC_ROOT_CLASS = YES_ERROR;
				CLANG_WARN_SUSPICIOUS_MOVE = YES;
				CLANG_WARN_UNREACHABLE_CODE = YES;
				CLANG_WARN__DUPLICATE_METHOD_MATCH = YES;
				"CODE_SIGN_IDENTITY[sdk=iphoneos*]" = "iPhone Developer";
				COPY_PHASE_STRIP = NO;
				DEBUG_INFORMATION_FORMAT = dwarf;
				ENABLE_STRICT_OBJC_MSGSEND = YES;
				ENABLE_TESTABILITY = YES;
				GCC_C_LANGUAGE_STANDARD = gnu99;
				GCC_DYNAMIC_NO_PIC = NO;
				GCC_NO_COMMON_BLOCKS = YES;
				GCC_OPTIMIZATION_LEVEL = 0;
				GCC_PREPROCESSOR_DEFINITIONS = (
					"DEBUG=1",
					"$(inherited)",
				);
				GCC_WARN_64_TO_32_BIT_CONVERSION = YES;
				GCC_WARN_ABOUT_RETURN_TYPE = YES_ERROR;
				GCC_WARN_UNDECLARED_SELECTOR = YES;
				GCC_WARN_UNINITIALIZED_AUTOS = YES_AGGRESSIVE;
				GCC_WARN_UNUSED_FUNCTION = YES;
				GCC_WARN_UNUSED_VARIABLE = YES;
				IPHONEOS_DEPLOYMENT_TARGET = 10.3;
				MTL_ENABLE_DEBUG_INFO = YES;
				ONLY_ACTIVE_ARCH = YES;
				SDKROOT = iphoneos;
				SWIFT_ACTIVE_COMPILATION_CONDITIONS = DEBUG;
				SWIFT_OPTIMIZATION_LEVEL = "-Onone";
				TARGETED_DEVICE_FAMILY = "1,2";
			};
			name = Debug;
		};
		03227C421F19401D004FFE22 /* Release */ = {
			isa = XCBuildConfiguration;
			buildSettings = {
				ALWAYS_SEARCH_USER_PATHS = NO;
				CLANG_ANALYZER_NONNULL = YES;
				CLANG_ANALYZER_NUMBER_OBJECT_CONVERSION = YES_AGGRESSIVE;
				CLANG_CXX_LANGUAGE_STANDARD = "gnu++0x";
				CLANG_CXX_LIBRARY = "libc++";
				CLANG_ENABLE_MODULES = YES;
				CLANG_ENABLE_OBJC_ARC = YES;
				CLANG_WARN_BOOL_CONVERSION = YES;
				CLANG_WARN_CONSTANT_CONVERSION = YES;
				CLANG_WARN_DIRECT_OBJC_ISA_USAGE = YES_ERROR;
				CLANG_WARN_DOCUMENTATION_COMMENTS = YES;
				CLANG_WARN_EMPTY_BODY = YES;
				CLANG_WARN_ENUM_CONVERSION = YES;
				CLANG_WARN_INFINITE_RECURSION = YES;
				CLANG_WARN_INT_CONVERSION = YES;
				CLANG_WARN_OBJC_ROOT_CLASS = YES_ERROR;
				CLANG_WARN_SUSPICIOUS_MOVE = YES;
				CLANG_WARN_UNREACHABLE_CODE = YES;
				CLANG_WARN__DUPLICATE_METHOD_MATCH = YES;
				"CODE_SIGN_IDENTITY[sdk=iphoneos*]" = "iPhone Developer";
				COPY_PHASE_STRIP = NO;
				DEBUG_INFORMATION_FORMAT = "dwarf-with-dsym";
				ENABLE_NS_ASSERTIONS = NO;
				ENABLE_STRICT_OBJC_MSGSEND = YES;
				GCC_C_LANGUAGE_STANDARD = gnu99;
				GCC_NO_COMMON_BLOCKS = YES;
				GCC_WARN_64_TO_32_BIT_CONVERSION = YES;
				GCC_WARN_ABOUT_RETURN_TYPE = YES_ERROR;
				GCC_WARN_UNDECLARED_SELECTOR = YES;
				GCC_WARN_UNINITIALIZED_AUTOS = YES_AGGRESSIVE;
				GCC_WARN_UNUSED_FUNCTION = YES;
				GCC_WARN_UNUSED_VARIABLE = YES;
				IPHONEOS_DEPLOYMENT_TARGET = 10.3;
				MTL_ENABLE_DEBUG_INFO = NO;
				SDKROOT = iphoneos;
				SWIFT_OPTIMIZATION_LEVEL = "-Owholemodule";
				TARGETED_DEVICE_FAMILY = "1,2";
				VALIDATE_PRODUCT = YES;
			};
			name = Release;
		};
		03227C441F19401D004FFE22 /* Debug */ = {
			isa = XCBuildConfiguration;
			buildSettings = {
				ASSETCATALOG_COMPILER_APPICON_NAME = AppIcon;
				DEVELOPMENT_TEAM = 48KBV2T232;
				INFOPLIST_FILE = IroIroCamera/Info.plist;
				IPHONEOS_DEPLOYMENT_TARGET = 10.0;
				LD_RUNPATH_SEARCH_PATHS = "$(inherited) @executable_path/Frameworks";
				PRODUCT_BUNDLE_IDENTIFIER = Bocchi.IroIroCamera;
				PRODUCT_NAME = "$(TARGET_NAME)";
				SWIFT_VERSION = 3.0;
			};
			name = Debug;
		};
		03227C451F19401D004FFE22 /* Release */ = {
			isa = XCBuildConfiguration;
			buildSettings = {
				ASSETCATALOG_COMPILER_APPICON_NAME = AppIcon;
				DEVELOPMENT_TEAM = 48KBV2T232;
				INFOPLIST_FILE = IroIroCamera/Info.plist;
				IPHONEOS_DEPLOYMENT_TARGET = 10.0;
				LD_RUNPATH_SEARCH_PATHS = "$(inherited) @executable_path/Frameworks";
				PRODUCT_BUNDLE_IDENTIFIER = Bocchi.IroIroCamera;
				PRODUCT_NAME = "$(TARGET_NAME)";
				SWIFT_VERSION = 3.0;
			};
			name = Release;
		};
		03227C471F19401D004FFE22 /* Debug */ = {
			isa = XCBuildConfiguration;
			buildSettings = {
				ALWAYS_EMBED_SWIFT_STANDARD_LIBRARIES = YES;
				BUNDLE_LOADER = "$(TEST_HOST)";
				DEVELOPMENT_TEAM = 84ZS9U8SU6;
				INFOPLIST_FILE = IroIroCameraTests/Info.plist;
				LD_RUNPATH_SEARCH_PATHS = "$(inherited) @executable_path/Frameworks @loader_path/Frameworks";
				PRODUCT_BUNDLE_IDENTIFIER = Bocchi.IroIroCameraTests;
				PRODUCT_NAME = "$(TARGET_NAME)";
				SWIFT_VERSION = 3.0;
				TEST_HOST = "$(BUILT_PRODUCTS_DIR)/IroIroCamera.app/IroIroCamera";
			};
			name = Debug;
		};
		03227C481F19401D004FFE22 /* Release */ = {
			isa = XCBuildConfiguration;
			buildSettings = {
				ALWAYS_EMBED_SWIFT_STANDARD_LIBRARIES = YES;
				BUNDLE_LOADER = "$(TEST_HOST)";
				DEVELOPMENT_TEAM = 84ZS9U8SU6;
				INFOPLIST_FILE = IroIroCameraTests/Info.plist;
				LD_RUNPATH_SEARCH_PATHS = "$(inherited) @executable_path/Frameworks @loader_path/Frameworks";
				PRODUCT_BUNDLE_IDENTIFIER = Bocchi.IroIroCameraTests;
				PRODUCT_NAME = "$(TARGET_NAME)";
				SWIFT_VERSION = 3.0;
				TEST_HOST = "$(BUILT_PRODUCTS_DIR)/IroIroCamera.app/IroIroCamera";
			};
			name = Release;
		};
		03227C4A1F19401D004FFE22 /* Debug */ = {
			isa = XCBuildConfiguration;
			buildSettings = {
				ALWAYS_EMBED_SWIFT_STANDARD_LIBRARIES = YES;
				DEVELOPMENT_TEAM = 84ZS9U8SU6;
				INFOPLIST_FILE = IroIroCameraUITests/Info.plist;
				LD_RUNPATH_SEARCH_PATHS = "$(inherited) @executable_path/Frameworks @loader_path/Frameworks";
				PRODUCT_BUNDLE_IDENTIFIER = Bocchi.IroIroCameraUITests;
				PRODUCT_NAME = "$(TARGET_NAME)";
				SWIFT_VERSION = 3.0;
				TEST_TARGET_NAME = IroIroCamera;
			};
			name = Debug;
		};
		03227C4B1F19401D004FFE22 /* Release */ = {
			isa = XCBuildConfiguration;
			buildSettings = {
				ALWAYS_EMBED_SWIFT_STANDARD_LIBRARIES = YES;
				DEVELOPMENT_TEAM = 84ZS9U8SU6;
				INFOPLIST_FILE = IroIroCameraUITests/Info.plist;
				LD_RUNPATH_SEARCH_PATHS = "$(inherited) @executable_path/Frameworks @loader_path/Frameworks";
				PRODUCT_BUNDLE_IDENTIFIER = Bocchi.IroIroCameraUITests;
				PRODUCT_NAME = "$(TARGET_NAME)";
				SWIFT_VERSION = 3.0;
				TEST_TARGET_NAME = IroIroCamera;
			};
			name = Release;
		};
/* End XCBuildConfiguration section */

/* Begin XCConfigurationList section */
		03227C161F19401D004FFE22 /* Build configuration list for PBXProject "IroIroCamera" */ = {
			isa = XCConfigurationList;
			buildConfigurations = (
				03227C411F19401D004FFE22 /* Debug */,
				03227C421F19401D004FFE22 /* Release */,
			);
			defaultConfigurationIsVisible = 0;
			defaultConfigurationName = Release;
		};
		03227C431F19401D004FFE22 /* Build configuration list for PBXNativeTarget "IroIroCamera" */ = {
			isa = XCConfigurationList;
			buildConfigurations = (
				03227C441F19401D004FFE22 /* Debug */,
				03227C451F19401D004FFE22 /* Release */,
			);
			defaultConfigurationIsVisible = 0;
			defaultConfigurationName = Release;
		};
		03227C461F19401D004FFE22 /* Build configuration list for PBXNativeTarget "IroIroCameraTests" */ = {
			isa = XCConfigurationList;
			buildConfigurations = (
				03227C471F19401D004FFE22 /* Debug */,
				03227C481F19401D004FFE22 /* Release */,
			);
			defaultConfigurationIsVisible = 0;
			defaultConfigurationName = Release;
		};
		03227C491F19401D004FFE22 /* Build configuration list for PBXNativeTarget "IroIroCameraUITests" */ = {
			isa = XCConfigurationList;
			buildConfigurations = (
				03227C4A1F19401D004FFE22 /* Debug */,
				03227C4B1F19401D004FFE22 /* Release */,
			);
			defaultConfigurationIsVisible = 0;
			defaultConfigurationName = Release;
		};
/* End XCConfigurationList section */
	};
	rootObject = 03227C131F19401D004FFE22 /* Project object */;
}
